
Microsoft Visual Studio Solution File, Format Version 12.00
# Visual Studio Version 16
VisualStudioVersion = 16.0.30621.155
MinimumVisualStudioVersion = 10.0.40219.1
Project("{9092AA53-FB77-4645-B42D-1CCCA6BD08BD}") = "js_test_debug", "js_test_debug\js_test_debug.njsproj", "{46240E8C-F2FA-4BC5-906F-B01CD71ACD83}"
EndProject
Global
	GlobalSection(SolutionConfigurationPlatforms) = preSolution
		Debug|Any CPU = Debug|Any CPU
		Release|Any CPU = Release|Any CPU
	EndGlobalSection
	GlobalSection(ProjectConfigurationPlatforms) = postSolution
		{46240E8C-F2FA-4BC5-906F-B01CD71ACD83}.Debug|Any CPU.ActiveCfg = Debug|Any CPU
		{46240E8C-F2FA-4BC5-906F-B01CD71ACD83}.Debug|Any CPU.Build.0 = Debug|Any CPU
		{46240E8C-F2FA-4BC5-906F-B01CD71ACD83}.Release|Any CPU.ActiveCfg = Release|Any CPU
		{46240E8C-F2FA-4BC5-906F-B01CD71ACD83}.Release|Any CPU.Build.0 = Release|Any CPU
	EndGlobalSection
	GlobalSection(SolutionProperties) = preSolution
		HideSolutionNode = FALSE
	EndGlobalSection
	GlobalSection(ExtensibilityGlobals) = postSolution
		SolutionGuid = {2B5175C0-FF64-4457-BE9D-555F196AC9BA}
	EndGlobalSection
EndGlobal
