
Microsoft Visual Studio Solution File, Format Version 12.00
# Visual Studio Version 16
VisualStudioVersion = 16.0.30621.155
MinimumVisualStudioVersion = 10.0.40219.1
Project("{9092AA53-FB77-4645-B42D-1CCCA6BD08BD}") = "NodejsWebApp_test", "NodejsWebApp_test\NodejsWebApp_test.njsproj", "{43E7B013-C1FE-4688-9475-CCACDE58D660}"
EndProject
Global
	GlobalSection(SolutionConfigurationPlatforms) = preSolution
		Debug|Any CPU = Debug|Any CPU
		Release|Any CPU = Release|Any CPU
	EndGlobalSection
	GlobalSection(ProjectConfigurationPlatforms) = postSolution
		{43E7B013-C1FE-4688-9475-CCACDE58D660}.Debug|Any CPU.ActiveCfg = Debug|Any CPU
		{43E7B013-C1FE-4688-9475-CCACDE58D660}.Debug|Any CPU.Build.0 = Debug|Any CPU
		{43E7B013-C1FE-4688-9475-CCACDE58D660}.Release|Any CPU.ActiveCfg = Release|Any CPU
		{43E7B013-C1FE-4688-9475-CCACDE58D660}.Release|Any CPU.Build.0 = Release|Any CPU
	EndGlobalSection
	GlobalSection(SolutionProperties) = preSolution
		HideSolutionNode = FALSE
	EndGlobalSection
	GlobalSection(ExtensibilityGlobals) = postSolution
		SolutionGuid = {3D07D87E-01A4-423C-9942-F47167F79964}
	EndGlobalSection
EndGlobal
